
Microsoft Visual Studio Solution File, Format Version 12.00
# Visual Studio Version 16
VisualStudioVersion = 16.0.30104.148
MinimumVisualStudioVersion = 10.0.40219.1
Project("{FAE04EC0-301F-11D3-BF4B-00C04F79EFBC}") = "Lab7", "Lab7.csproj", "{FBE026DB-FF5B-40F2-AB5A-91B0CF14EC6A}"
EndProject
Global
	GlobalSection(SolutionConfigurationPlatforms) = preSolution
		Debug|Any CPU = Debug|Any CPU
		Release|Any CPU = Release|Any CPU
	EndGlobalSection
	GlobalSection(ProjectConfigurationPlatforms) = postSolution
		{FBE026DB-FF5B-40F2-AB5A-91B0CF14EC6A}.Debug|Any CPU.ActiveCfg = Debug|Any CPU
		{FBE026DB-FF5B-40F2-AB5A-91B0CF14EC6A}.Debug|Any CPU.Build.0 = Debug|Any CPU
		{FBE026DB-FF5B-40F2-AB5A-91B0CF14EC6A}.Release|Any CPU.ActiveCfg = Release|Any CPU
		{FBE026DB-FF5B-40F2-AB5A-91B0CF14EC6A}.Release|Any CPU.Build.0 = Release|Any CPU
	EndGlobalSection
	GlobalSection(SolutionProperties) = preSolution
		HideSolutionNode = FALSE
	EndGlobalSection
	GlobalSection(ExtensibilityGlobals) = postSolution
		SolutionGuid = {88AD0771-962C-4D9B-B1C2-014E59AA77C4}
	EndGlobalSection
EndGlobal
